// !$*UTF8*$!
{
	archiveVersion = 1;
	classes = {
	};
	objectVersion = 46;
	objects = {

/* Begin PBXBuildFile section */
		18AAAB8A18E34EB0002F95ED /* CharacteristicsViewController.m in Sources */ = {isa = PBXBuildFile; fileRef = 18AAAB8918E34EB0002F95ED /* CharacteristicsViewController.m */; };
		3CCB8F6B18E28084002C1AC5 /* Foundation.framework in Frameworks */ = {isa = PBXBuildFile; fileRef = 3CCB8F6A18E28084002C1AC5 /* Foundation.framework */; };
		3CCB8F6D18E28084002C1AC5 /* CoreGraphics.framework in Frameworks */ = {isa = PBXBuildFile; fileRef = 3CCB8F6C18E28084002C1AC5 /* CoreGraphics.framework */; };
		3CCB8F6F18E28084002C1AC5 /* UIKit.framework in Frameworks */ = {isa = PBXBuildFile; fileRef = 3CCB8F6E18E28084002C1AC5 /* UIKit.framework */; };
		3CCB8F7518E28084002C1AC5 /* InfoPlist.strings in Resources */ = {isa = PBXBuildFile; fileRef = 3CCB8F7318E28084002C1AC5 /* InfoPlist.strings */; };
		3CCB8F7718E28084002C1AC5 /* main.m in Sources */ = {isa = PBXBuildFile; fileRef = 3CCB8F7618E28084002C1AC5 /* main.m */; };
		3CCB8F7B18E28084002C1AC5 /* AppDelegate.m in Sources */ = {isa = PBXBuildFile; fileRef = 3CCB8F7A18E28084002C1AC5 /* AppDelegate.m */; };
		3CCB8F7E18E28084002C1AC5 /* Main.storyboard in Resources */ = {isa = PBXBuildFile; fileRef = 3CCB8F7C18E28084002C1AC5 /* Main.storyboard */; };
		3CCB8F8318E28084002C1AC5 /* Images.xcassets in Resources */ = {isa = PBXBuildFile; fileRef = 3CCB8F8218E28084002C1AC5 /* Images.xcassets */; };
		3CCB8F8A18E28084002C1AC5 /* XCTest.framework in Frameworks */ = {isa = PBXBuildFile; fileRef = 3CCB8F8918E28084002C1AC5 /* XCTest.framework */; };
		3CCB8F8B18E28084002C1AC5 /* Foundation.framework in Frameworks */ = {isa = PBXBuildFile; fileRef = 3CCB8F6A18E28084002C1AC5 /* Foundation.framework */; };
		3CCB8F8C18E28084002C1AC5 /* UIKit.framework in Frameworks */ = {isa = PBXBuildFile; fileRef = 3CCB8F6E18E28084002C1AC5 /* UIKit.framework */; };
		3CCB8F9418E28084002C1AC5 /* InfoPlist.strings in Resources */ = {isa = PBXBuildFile; fileRef = 3CCB8F9218E28084002C1AC5 /* InfoPlist.strings */; };
		3CCB8F9618E28084002C1AC5 /* DarkBlueTests.m in Sources */ = {isa = PBXBuildFile; fileRef = 3CCB8F9518E28084002C1AC5 /* DarkBlueTests.m */; };
		3CCB8FE518E2849B002C1AC5 /* PeripheralsViewController.m in Sources */ = {isa = PBXBuildFile; fileRef = 3CCB8FE418E2849B002C1AC5 /* PeripheralsViewController.m */; };
		3CCB8FE818E28A25002C1AC5 /* myTableViewCell.m in Sources */ = {isa = PBXBuildFile; fileRef = 3CCB8FE718E28A25002C1AC5 /* myTableViewCell.m */; };
		3CCB8FEB18E29C50002C1AC5 /* BTServer.m in Sources */ = {isa = PBXBuildFile; fileRef = 3CCB8FEA18E29C50002C1AC5 /* BTServer.m */; };
		3CCB8FEF18E2B2F5002C1AC5 /* AKSDeviceConsole.m in Sources */ = {isa = PBXBuildFile; fileRef = 3CCB8FEE18E2B2F5002C1AC5 /* AKSDeviceConsole.m */; };
		3CCB8FF218E2B575002C1AC5 /* LogViewController.m in Sources */ = {isa = PBXBuildFile; fileRef = 3CCB8FF118E2B575002C1AC5 /* LogViewController.m */; };
		3CCB8FF518E2BB46002C1AC5 /* PeriperalInfo.m in Sources */ = {isa = PBXBuildFile; fileRef = 3CCB8FF418E2BB46002C1AC5 /* PeriperalInfo.m */; };
		3CCB8FF818E2F3C3002C1AC5 /* ServicesViewController.m in Sources */ = {isa = PBXBuildFile; fileRef = 3CCB8FF718E2F3C3002C1AC5 /* ServicesViewController.m */; };
		3CCB8FFD18E2FB69002C1AC5 /* ProgressHUD.bundle in Resources */ = {isa = PBXBuildFile; fileRef = 3CCB8FFA18E2FB69002C1AC5 /* ProgressHUD.bundle */; };
		3CCB8FFE18E2FB69002C1AC5 /* ProgressHUD.m in Sources */ = {isa = PBXBuildFile; fileRef = 3CCB8FFC18E2FB69002C1AC5 /* ProgressHUD.m */; };
		3CCB904518E3EF05002C1AC5 /* ReadValueViewController.m in Sources */ = {isa = PBXBuildFile; fileRef = 3CCB904418E3EF05002C1AC5 /* ReadValueViewController.m */; };
		3CCB904818E3FD88002C1AC5 /* utils.m in Sources */ = {isa = PBXBuildFile; fileRef = 3CCB904718E3FD88002C1AC5 /* utils.m */; };
		C33D9BFE1C20C6C90043425E /* BLEUtility.m in Sources */ = {isa = PBXBuildFile; fileRef = C33D9BFD1C20C6C90043425E /* BLEUtility.m */; };
		C37EA6E31C750A4000256482 /* NavigationController.m in Sources */ = {isa = PBXBuildFile; fileRef = C37EA6E21C750A4000256482 /* NavigationController.m */; };
		C37EA6E61C7515A000256482 /* TabBarController.m in Sources */ = {isa = PBXBuildFile; fileRef = C37EA6E41C7515A000256482 /* TabBarController.m */; };
		C3B549851C401E3F004529CB /* Default-568h@2x.png in Resources */ = {isa = PBXBuildFile; fileRef = C3B549821C401E3F004529CB /* Default-568h@2x.png */; };
		C3B549861C401E3F004529CB /* Default.png in Resources */ = {isa = PBXBuildFile; fileRef = C3B549831C401E3F004529CB /* Default.png */; };
		C3B549871C401E3F004529CB /* Default@2x.png in Resources */ = {isa = PBXBuildFile; fileRef = C3B549841C401E3F004529CB /* Default@2x.png */; };
		C3EF81561C236724004ECF32 /* WriteValueViewController.m in Sources */ = {isa = PBXBuildFile; fileRef = C3EF81551C236724004ECF32 /* WriteValueViewController.m */; };
/* End PBXBuildFile section */

/* Begin PBXContainerItemProxy section */
		3CCB8F8D18E28084002C1AC5 /* PBXContainerItemProxy */ = {
			isa = PBXContainerItemProxy;
			containerPortal = 3CCB8F5F18E28084002C1AC5 /* Project object */;
			proxyType = 1;
			remoteGlobalIDString = 3CCB8F6618E28084002C1AC5;
			remoteInfo = DarkBlue;
		};
/* End PBXContainerItemProxy section */

/* Begin PBXFileReference section */
		18AAAB8818E34EB0002F95ED /* CharacteristicsViewController.h */ = {isa = PBXFileReference; fileEncoding = 4; lastKnownFileType = sourcecode.c.h; path = CharacteristicsViewController.h; sourceTree = "<group>"; };
		18AAAB8918E34EB0002F95ED /* CharacteristicsViewController.m */ = {isa = PBXFileReference; fileEncoding = 4; lastKnownFileType = sourcecode.c.objc; path = CharacteristicsViewController.m; sourceTree = "<group>"; };
		3CCB8F6718E28084002C1AC5 /* DarkBlue.app */ = {isa = PBXFileReference; explicitFileType = wrapper.application; includeInIndex = 0; path = DarkBlue.app; sourceTree = BUILT_PRODUCTS_DIR; };
		3CCB8F6A18E28084002C1AC5 /* Foundation.framework */ = {isa = PBXFileReference; lastKnownFileType = wrapper.framework; name = Foundation.framework; path = System/Library/Frameworks/Foundation.framework; sourceTree = SDKROOT; };
		3CCB8F6C18E28084002C1AC5 /* CoreGraphics.framework */ = {isa = PBXFileReference; lastKnownFileType = wrapper.framework; name = CoreGraphics.framework; path = System/Library/Frameworks/CoreGraphics.framework; sourceTree = SDKROOT; };
		3CCB8F6E18E28084002C1AC5 /* UIKit.framework */ = {isa = PBXFileReference; lastKnownFileType = wrapper.framework; name = UIKit.framework; path = System/Library/Frameworks/UIKit.framework; sourceTree = SDKROOT; };
		3CCB8F7218E28084002C1AC5 /* DarkBlue-Info.plist */ = {isa = PBXFileReference; lastKnownFileType = text.plist.xml; path = "DarkBlue-Info.plist"; sourceTree = "<group>"; };
		3CCB8F7418E28084002C1AC5 /* en */ = {isa = PBXFileReference; lastKnownFileType = text.plist.strings; name = en; path = en.lproj/InfoPlist.strings; sourceTree = "<group>"; };
		3CCB8F7618E28084002C1AC5 /* main.m */ = {isa = PBXFileReference; lastKnownFileType = sourcecode.c.objc; path = main.m; sourceTree = "<group>"; };
		3CCB8F7818E28084002C1AC5 /* DarkBlue-Prefix.pch */ = {isa = PBXFileReference; lastKnownFileType = sourcecode.c.h; path = "DarkBlue-Prefix.pch"; sourceTree = "<group>"; };
		3CCB8F7918E28084002C1AC5 /* AppDelegate.h */ = {isa = PBXFileReference; lastKnownFileType = sourcecode.c.h; path = AppDelegate.h; sourceTree = "<group>"; };
		3CCB8F7A18E28084002C1AC5 /* AppDelegate.m */ = {isa = PBXFileReference; lastKnownFileType = sourcecode.c.objc; path = AppDelegate.m; sourceTree = "<group>"; };
		3CCB8F7D18E28084002C1AC5 /* Base */ = {isa = PBXFileReference; lastKnownFileType = file.storyboard; name = Base; path = Base.lproj/Main.storyboard; sourceTree = "<group>"; };
		3CCB8F8218E28084002C1AC5 /* Images.xcassets */ = {isa = PBXFileReference; lastKnownFileType = folder.assetcatalog; path = Images.xcassets; sourceTree = "<group>"; };
		3CCB8F8818E28084002C1AC5 /* DarkBlueTests.xctest */ = {isa = PBXFileReference; explicitFileType = wrapper.cfbundle; includeInIndex = 0; path = DarkBlueTests.xctest; sourceTree = BUILT_PRODUCTS_DIR; };
		3CCB8F8918E28084002C1AC5 /* XCTest.framework */ = {isa = PBXFileReference; lastKnownFileType = wrapper.framework; name = XCTest.framework; path = Library/Frameworks/XCTest.framework; sourceTree = DEVELOPER_DIR; };
		3CCB8F9118E28084002C1AC5 /* DarkBlueTests-Info.plist */ = {isa = PBXFileReference; lastKnownFileType = text.plist.xml; path = "DarkBlueTests-Info.plist"; sourceTree = "<group>"; };
		3CCB8F9318E28084002C1AC5 /* en */ = {isa = PBXFileReference; lastKnownFileType = text.plist.strings; name = en; path = en.lproj/InfoPlist.strings; sourceTree = "<group>"; };
		3CCB8F9518E28084002C1AC5 /* DarkBlueTests.m */ = {isa = PBXFileReference; lastKnownFileType = sourcecode.c.objc; path = DarkBlueTests.m; sourceTree = "<group>"; };
		3CCB8FE318E2849B002C1AC5 /* PeripheralsViewController.h */ = {isa = PBXFileReference; fileEncoding = 4; lastKnownFileType = sourcecode.c.h; path = PeripheralsViewController.h; sourceTree = "<group>"; };
		3CCB8FE418E2849B002C1AC5 /* PeripheralsViewController.m */ = {isa = PBXFileReference; fileEncoding = 4; lastKnownFileType = sourcecode.c.objc; path = PeripheralsViewController.m; sourceTree = "<group>"; };
		3CCB8FE618E28A25002C1AC5 /* myTableViewCell.h */ = {isa = PBXFileReference; fileEncoding = 4; lastKnownFileType = sourcecode.c.h; path = myTableViewCell.h; sourceTree = "<group>"; };
		3CCB8FE718E28A25002C1AC5 /* myTableViewCell.m */ = {isa = PBXFileReference; fileEncoding = 4; lastKnownFileType = sourcecode.c.objc; path = myTableViewCell.m; sourceTree = "<group>"; };
		3CCB8FE918E29C50002C1AC5 /* BTServer.h */ = {isa = PBXFileReference; fileEncoding = 4; lastKnownFileType = sourcecode.c.h; path = BTServer.h; sourceTree = "<group>"; };
		3CCB8FEA18E29C50002C1AC5 /* BTServer.m */ = {isa = PBXFileReference; fileEncoding = 4; lastKnownFileType = sourcecode.c.objc; path = BTServer.m; sourceTree = "<group>"; };
		3CCB8FED18E2B2F5002C1AC5 /* AKSDeviceConsole.h */ = {isa = PBXFileReference; fileEncoding = 4; lastKnownFileType = sourcecode.c.h; path = AKSDeviceConsole.h; sourceTree = "<group>"; };
		3CCB8FEE18E2B2F5002C1AC5 /* AKSDeviceConsole.m */ = {isa = PBXFileReference; fileEncoding = 4; lastKnownFileType = sourcecode.c.objc; path = AKSDeviceConsole.m; sourceTree = "<group>"; };
		3CCB8FF018E2B575002C1AC5 /* LogViewController.h */ = {isa = PBXFileReference; fileEncoding = 4; lastKnownFileType = sourcecode.c.h; path = LogViewController.h; sourceTree = "<group>"; };
		3CCB8FF118E2B575002C1AC5 /* LogViewController.m */ = {isa = PBXFileReference; fileEncoding = 4; lastKnownFileType = sourcecode.c.objc; path = LogViewController.m; sourceTree = "<group>"; };
		3CCB8FF318E2BB46002C1AC5 /* PeriperalInfo.h */ = {isa = PBXFileReference; fileEncoding = 4; lastKnownFileType = sourcecode.c.h; path = PeriperalInfo.h; sourceTree = "<group>"; };
		3CCB8FF418E2BB46002C1AC5 /* PeriperalInfo.m */ = {isa = PBXFileReference; fileEncoding = 4; lastKnownFileType = sourcecode.c.objc; path = PeriperalInfo.m; sourceTree = "<group>"; };
		3CCB8FF618E2F3C3002C1AC5 /* ServicesViewController.h */ = {isa = PBXFileReference; fileEncoding = 4; lastKnownFileType = sourcecode.c.h; path = ServicesViewController.h; sourceTree = "<group>"; };
		3CCB8FF718E2F3C3002C1AC5 /* ServicesViewController.m */ = {isa = PBXFileReference; fileEncoding = 4; lastKnownFileType = sourcecode.c.objc; path = ServicesViewController.m; sourceTree = "<group>"; };
		3CCB8FFA18E2FB69002C1AC5 /* ProgressHUD.bundle */ = {isa = PBXFileReference; lastKnownFileType = "wrapper.plug-in"; path = ProgressHUD.bundle; sourceTree = "<group>"; };
		3CCB8FFB18E2FB69002C1AC5 /* ProgressHUD.h */ = {isa = PBXFileReference; fileEncoding = 4; lastKnownFileType = sourcecode.c.h; path = ProgressHUD.h; sourceTree = "<group>"; };
		3CCB8FFC18E2FB69002C1AC5 /* ProgressHUD.m */ = {isa = PBXFileReference; fileEncoding = 4; lastKnownFileType = sourcecode.c.objc; path = ProgressHUD.m; sourceTree = "<group>"; };
		3CCB904318E3EF05002C1AC5 /* ReadValueViewController.h */ = {isa = PBXFileReference; fileEncoding = 4; lastKnownFileType = sourcecode.c.h; path = ReadValueViewController.h; sourceTree = "<group>"; };
		3CCB904418E3EF05002C1AC5 /* ReadValueViewController.m */ = {isa = PBXFileReference; fileEncoding = 4; lastKnownFileType = sourcecode.c.objc; path = ReadValueViewController.m; sourceTree = "<group>"; };
		3CCB904618E3FD88002C1AC5 /* utils.h */ = {isa = PBXFileReference; fileEncoding = 4; lastKnownFileType = sourcecode.c.h; path = utils.h; sourceTree = "<group>"; };
		3CCB904718E3FD88002C1AC5 /* utils.m */ = {isa = PBXFileReference; fileEncoding = 4; lastKnownFileType = sourcecode.c.objc; path = utils.m; sourceTree = "<group>"; };
		C33D9BFC1C20C6C90043425E /* BLEUtility.h */ = {isa = PBXFileReference; fileEncoding = 4; lastKnownFileType = sourcecode.c.h; path = BLEUtility.h; sourceTree = "<group>"; };
		C33D9BFD1C20C6C90043425E /* BLEUtility.m */ = {isa = PBXFileReference; fileEncoding = 4; lastKnownFileType = sourcecode.c.objc; path = BLEUtility.m; sourceTree = "<group>"; };
		C37EA6E11C750A4000256482 /* NavigationController.h */ = {isa = PBXFileReference; fileEncoding = 4; lastKnownFileType = sourcecode.c.h; path = NavigationController.h; sourceTree = "<group>"; };
		C37EA6E21C750A4000256482 /* NavigationController.m */ = {isa = PBXFileReference; fileEncoding = 4; lastKnownFileType = sourcecode.c.objc; path = NavigationController.m; sourceTree = "<group>"; };
		C37EA6E41C7515A000256482 /* TabBarController.m */ = {isa = PBXFileReference; fileEncoding = 4; lastKnownFileType = sourcecode.c.objc; path = TabBarController.m; sourceTree = "<group>"; };
		C37EA6E51C7515A000256482 /* TabBarController.h */ = {isa = PBXFileReference; fileEncoding = 4; lastKnownFileType = sourcecode.c.h; path = TabBarController.h; sourceTree = "<group>"; };
		C3B549821C401E3F004529CB /* Default-568h@2x.png */ = {isa = PBXFileReference; lastKnownFileType = image.png; path = "Default-568h@2x.png"; sourceTree = "<group>"; };
		C3B549831C401E3F004529CB /* Default.png */ = {isa = PBXFileReference; lastKnownFileType = image.png; path = Default.png; sourceTree = "<group>"; };
		C3B549841C401E3F004529CB /* Default@2x.png */ = {isa = PBXFileReference; lastKnownFileType = image.png; path = "Default@2x.png"; sourceTree = "<group>"; };
		C3DD3D971BFE4CA7008ECBF0 /* bleServices.h */ = {isa = PBXFileReference; lastKnownFileType = sourcecode.c.h; path = bleServices.h; sourceTree = "<group>"; };
		C3EF81541C236724004ECF32 /* WriteValueViewController.h */ = {isa = PBXFileReference; fileEncoding = 4; lastKnownFileType = sourcecode.c.h; path = WriteValueViewController.h; sourceTree = "<group>"; };
		C3EF81551C236724004ECF32 /* WriteValueViewController.m */ = {isa = PBXFileReference; fileEncoding = 4; lastKnownFileType = sourcecode.c.objc; path = WriteValueViewController.m; sourceTree = "<group>"; };
/* End PBXFileReference section */

/* Begin PBXFrameworksBuildPhase section */
		3CCB8F6418E28084002C1AC5 /* Frameworks */ = {
			isa = PBXFrameworksBuildPhase;
			buildActionMask = 2147483647;
			files = (
				3CCB8F6D18E28084002C1AC5 /* CoreGraphics.framework in Frameworks */,
				3CCB8F6F18E28084002C1AC5 /* UIKit.framework in Frameworks */,
				3CCB8F6B18E28084002C1AC5 /* Foundation.framework in Frameworks */,
			);
			runOnlyForDeploymentPostprocessing = 0;
		};
		3CCB8F8518E28084002C1AC5 /* Frameworks */ = {
			isa = PBXFrameworksBuildPhase;
			buildActionMask = 2147483647;
			files = (
				3CCB8F8A18E28084002C1AC5 /* XCTest.framework in Frameworks */,
				3CCB8F8C18E28084002C1AC5 /* UIKit.framework in Frameworks */,
				3CCB8F8B18E28084002C1AC5 /* Foundation.framework in Frameworks */,
			);
			runOnlyForDeploymentPostprocessing = 0;
		};
/* End PBXFrameworksBuildPhase section */

/* Begin PBXGroup section */
		3CCB8F5E18E28084002C1AC5 = {
			isa = PBXGroup;
			children = (
				3CCB8F7018E28084002C1AC5 /* DarkBlue */,
				3CCB8F8F18E28084002C1AC5 /* DarkBlueTests */,
				3CCB8F6918E28084002C1AC5 /* Frameworks */,
				3CCB8F6818E28084002C1AC5 /* Products */,
			);
			sourceTree = "<group>";
		};
		3CCB8F6818E28084002C1AC5 /* Products */ = {
			isa = PBXGroup;
			children = (
				3CCB8F6718E28084002C1AC5 /* DarkBlue.app */,
				3CCB8F8818E28084002C1AC5 /* DarkBlueTests.xctest */,
			);
			name = Products;
			sourceTree = "<group>";
		};
		3CCB8F6918E28084002C1AC5 /* Frameworks */ = {
			isa = PBXGroup;
			children = (
				3CCB8F6A18E28084002C1AC5 /* Foundation.framework */,
				3CCB8F6C18E28084002C1AC5 /* CoreGraphics.framework */,
				3CCB8F6E18E28084002C1AC5 /* UIKit.framework */,
				3CCB8F8918E28084002C1AC5 /* XCTest.framework */,
			);
			name = Frameworks;
			sourceTree = "<group>";
		};
		3CCB8F7018E28084002C1AC5 /* DarkBlue */ = {
			isa = PBXGroup;
			children = (
				C37EA6E51C7515A000256482 /* TabBarController.h */,
				C37EA6E41C7515A000256482 /* TabBarController.m */,
				C37EA6E11C750A4000256482 /* NavigationController.h */,
				C37EA6E21C750A4000256482 /* NavigationController.m */,
				3CCB8F7918E28084002C1AC5 /* AppDelegate.h */,
				3CCB8F7A18E28084002C1AC5 /* AppDelegate.m */,
				3CCB8F7C18E28084002C1AC5 /* Main.storyboard */,
				3CCB8FE918E29C50002C1AC5 /* BTServer.h */,
				3CCB8FEA18E29C50002C1AC5 /* BTServer.m */,
				3CCB8FF318E2BB46002C1AC5 /* PeriperalInfo.h */,
				3CCB8FF418E2BB46002C1AC5 /* PeriperalInfo.m */,
				3CCB8FE618E28A25002C1AC5 /* myTableViewCell.h */,
				3CCB8FE718E28A25002C1AC5 /* myTableViewCell.m */,
				3CCB8FE318E2849B002C1AC5 /* PeripheralsViewController.h */,
				3CCB8FE418E2849B002C1AC5 /* PeripheralsViewController.m */,
				3CCB8FF618E2F3C3002C1AC5 /* ServicesViewController.h */,
				3CCB8FF718E2F3C3002C1AC5 /* ServicesViewController.m */,
				18AAAB8818E34EB0002F95ED /* CharacteristicsViewController.h */,
				18AAAB8918E34EB0002F95ED /* CharacteristicsViewController.m */,
				3CCB904318E3EF05002C1AC5 /* ReadValueViewController.h */,
				3CCB904418E3EF05002C1AC5 /* ReadValueViewController.m */,
				C3EF81541C236724004ECF32 /* WriteValueViewController.h */,
				C3EF81551C236724004ECF32 /* WriteValueViewController.m */,
				3CCB8FF018E2B575002C1AC5 /* LogViewController.h */,
				3CCB8FF118E2B575002C1AC5 /* LogViewController.m */,
				3CCB904618E3FD88002C1AC5 /* utils.h */,
				3CCB904718E3FD88002C1AC5 /* utils.m */,
				3CCB8F8218E28084002C1AC5 /* Images.xcassets */,
				3CCB8FF918E2FB69002C1AC5 /* ProgressHUD */,
				C3DD3D961BFE4C58008ECBF0 /* BLE_Services_and_chars */,
				3CCB8FEC18E2B2F5002C1AC5 /* logger */,
				3CCB8F7118E28084002C1AC5 /* Supporting Files */,
			);
			path = DarkBlue;
			sourceTree = "<group>";
		};
		3CCB8F7118E28084002C1AC5 /* Supporting Files */ = {
			isa = PBXGroup;
			children = (
				C3B549821C401E3F004529CB /* Default-568h@2x.png */,
				C3B549831C401E3F004529CB /* Default.png */,
				C3B549841C401E3F004529CB /* Default@2x.png */,
				3CCB8F7218E28084002C1AC5 /* DarkBlue-Info.plist */,
				3CCB8F7318E28084002C1AC5 /* InfoPlist.strings */,
				3CCB8F7618E28084002C1AC5 /* main.m */,
				3CCB8F7818E28084002C1AC5 /* DarkBlue-Prefix.pch */,
			);
			name = "Supporting Files";
			sourceTree = "<group>";
		};
		3CCB8F8F18E28084002C1AC5 /* DarkBlueTests */ = {
			isa = PBXGroup;
			children = (
				3CCB8F9518E28084002C1AC5 /* DarkBlueTests.m */,
				3CCB8F9018E28084002C1AC5 /* Supporting Files */,
			);
			path = DarkBlueTests;
			sourceTree = "<group>";
		};
		3CCB8F9018E28084002C1AC5 /* Supporting Files */ = {
			isa = PBXGroup;
			children = (
				3CCB8F9118E28084002C1AC5 /* DarkBlueTests-Info.plist */,
				3CCB8F9218E28084002C1AC5 /* InfoPlist.strings */,
			);
			name = "Supporting Files";
			sourceTree = "<group>";
		};
		3CCB8FEC18E2B2F5002C1AC5 /* logger */ = {
			isa = PBXGroup;
			children = (
				3CCB8FED18E2B2F5002C1AC5 /* AKSDeviceConsole.h */,
				3CCB8FEE18E2B2F5002C1AC5 /* AKSDeviceConsole.m */,
			);
			path = logger;
			sourceTree = "<group>";
		};
		3CCB8FF918E2FB69002C1AC5 /* ProgressHUD */ = {
			isa = PBXGroup;
			children = (
				3CCB8FFA18E2FB69002C1AC5 /* ProgressHUD.bundle */,
				3CCB8FFB18E2FB69002C1AC5 /* ProgressHUD.h */,
				3CCB8FFC18E2FB69002C1AC5 /* ProgressHUD.m */,
			);
			path = ProgressHUD;
			sourceTree = "<group>";
		};
		C3DD3D961BFE4C58008ECBF0 /* BLE_Services_and_chars */ = {
			isa = PBXGroup;
			children = (
				C33D9BFC1C20C6C90043425E /* BLEUtility.h */,
				C33D9BFD1C20C6C90043425E /* BLEUtility.m */,
				C3DD3D971BFE4CA7008ECBF0 /* bleServices.h */,
			);
			name = BLE_Services_and_chars;
			sourceTree = "<group>";
		};
/* End PBXGroup section */

/* Begin PBXNativeTarget section */
		3CCB8F6618E28084002C1AC5 /* DarkBlue */ = {
			isa = PBXNativeTarget;
			buildConfigurationList = 3CCB8F9918E28084002C1AC5 /* Build configuration list for PBXNativeTarget "DarkBlue" */;
			buildPhases = (
				3CCB8F6318E28084002C1AC5 /* Sources */,
				3CCB8F6418E28084002C1AC5 /* Frameworks */,
				3CCB8F6518E28084002C1AC5 /* Resources */,
			);
			buildRules = (
			);
			dependencies = (
			);
			name = DarkBlue;
			productName = DarkBlue;
			productReference = 3CCB8F6718E28084002C1AC5 /* DarkBlue.app */;
			productType = "com.apple.product-type.application";
		};
		3CCB8F8718E28084002C1AC5 /* DarkBlueTests */ = {
			isa = PBXNativeTarget;
			buildConfigurationList = 3CCB8F9C18E28084002C1AC5 /* Build configuration list for PBXNativeTarget "DarkBlueTests" */;
			buildPhases = (
				3CCB8F8418E28084002C1AC5 /* Sources */,
				3CCB8F8518E28084002C1AC5 /* Frameworks */,
				3CCB8F8618E28084002C1AC5 /* Resources */,
			);
			buildRules = (
			);
			dependencies = (
				3CCB8F8E18E28084002C1AC5 /* PBXTargetDependency */,
			);
			name = DarkBlueTests;
			productName = DarkBlueTests;
			productReference = 3CCB8F8818E28084002C1AC5 /* DarkBlueTests.xctest */;
			productType = "com.apple.product-type.bundle.unit-test";
		};
/* End PBXNativeTarget section */

/* Begin PBXProject section */
		3CCB8F5F18E28084002C1AC5 /* Project object */ = {
			isa = PBXProject;
			attributes = {
				LastUpgradeCheck = 0710;
				ORGANIZATIONNAME = chenee;
				TargetAttributes = {
					3CCB8F6618E28084002C1AC5 = {
						SystemCapabilities = {
							com.apple.BackgroundModes = {
								enabled = 1;
							};
						};
					};
					3CCB8F8718E28084002C1AC5 = {
						TestTargetID = 3CCB8F6618E28084002C1AC5;
					};
				};
			};
			buildConfigurationList = 3CCB8F6218E28084002C1AC5 /* Build configuration list for PBXProject "DarkBlue" */;
			compatibilityVersion = "Xcode 3.2";
			developmentRegion = English;
			hasScannedForEncodings = 0;
			knownRegions = (
				en,
				Base,
			);
			mainGroup = 3CCB8F5E18E28084002C1AC5;
			productRefGroup = 3CCB8F6818E28084002C1AC5 /* Products */;
			projectDirPath = "";
			projectRoot = "";
			targets = (
				3CCB8F6618E28084002C1AC5 /* DarkBlue */,
				3CCB8F8718E28084002C1AC5 /* DarkBlueTests */,
			);
		};
/* End PBXProject section */

/* Begin PBXResourcesBuildPhase section */
		3CCB8F6518E28084002C1AC5 /* Resources */ = {
			isa = PBXResourcesBuildPhase;
			buildActionMask = 2147483647;
			files = (
				3CCB8FFD18E2FB69002C1AC5 /* ProgressHUD.bundle in Resources */,
				C3B549861C401E3F004529CB /* Default.png in Resources */,
				3CCB8F8318E28084002C1AC5 /* Images.xcassets in Resources */,
				3CCB8F7518E28084002C1AC5 /* InfoPlist.strings in Resources */,
				C3B549851C401E3F004529CB /* Default-568h@2x.png in Resources */,
				C3B549871C401E3F004529CB /* Default@2x.png in Resources */,
				3CCB8F7E18E28084002C1AC5 /* Main.storyboard in Resources */,
			);
			runOnlyForDeploymentPostprocessing = 0;
		};
		3CCB8F8618E28084002C1AC5 /* Resources */ = {
			isa = PBXResourcesBuildPhase;
			buildActionMask = 2147483647;
			files = (
				3CCB8F9418E28084002C1AC5 /* InfoPlist.strings in Resources */,
			);
			runOnlyForDeploymentPostprocessing = 0;
		};
/* End PBXResourcesBuildPhase section */

/* Begin PBXSourcesBuildPhase section */
		3CCB8F6318E28084002C1AC5 /* Sources */ = {
			isa = PBXSourcesBuildPhase;
			buildActionMask = 2147483647;
			files = (
				3CCB8FF218E2B575002C1AC5 /* LogViewController.m in Sources */,
				3CCB8F7B18E28084002C1AC5 /* AppDelegate.m in Sources */,
				3CCB904818E3FD88002C1AC5 /* utils.m in Sources */,
				3CCB8FFE18E2FB69002C1AC5 /* ProgressHUD.m in Sources */,
				18AAAB8A18E34EB0002F95ED /* CharacteristicsViewController.m in Sources */,
				C37EA6E31C750A4000256482 /* NavigationController.m in Sources */,
				C37EA6E61C7515A000256482 /* TabBarController.m in Sources */,
				3CCB8FF518E2BB46002C1AC5 /* PeriperalInfo.m in Sources */,
				3CCB8FE818E28A25002C1AC5 /* myTableViewCell.m in Sources */,
				C3EF81561C236724004ECF32 /* WriteValueViewController.m in Sources */,
				3CCB8FEB18E29C50002C1AC5 /* BTServer.m in Sources */,
				C33D9BFE1C20C6C90043425E /* BLEUtility.m in Sources */,
				3CCB8FF818E2F3C3002C1AC5 /* ServicesViewController.m in Sources */,
				3CCB904518E3EF05002C1AC5 /* ReadValueViewController.m in Sources */,
				3CCB8FEF18E2B2F5002C1AC5 /* AKSDeviceConsole.m in Sources */,
				3CCB8FE518E2849B002C1AC5 /* PeripheralsViewController.m in Sources */,
				3CCB8F7718E28084002C1AC5 /* main.m in Sources */,
			);
			runOnlyForDeploymentPostprocessing = 0;
		};
		3CCB8F8418E28084002C1AC5 /* Sources */ = {
			isa = PBXSourcesBuildPhase;
			buildActionMask = 2147483647;
			files = (
				3CCB8F9618E28084002C1AC5 /* DarkBlueTests.m in Sources */,
			);
			runOnlyForDeploymentPostprocessing = 0;
		};
/* End PBXSourcesBuildPhase section */

/* Begin PBXTargetDependency section */
		3CCB8F8E18E28084002C1AC5 /* PBXTargetDependency */ = {
			isa = PBXTargetDependency;
			target = 3CCB8F6618E28084002C1AC5 /* DarkBlue */;
			targetProxy = 3CCB8F8D18E28084002C1AC5 /* PBXContainerItemProxy */;
		};
/* End PBXTargetDependency section */

/* Begin PBXVariantGroup section */
		3CCB8F7318E28084002C1AC5 /* InfoPlist.strings */ = {
			isa = PBXVariantGroup;
			children = (
				3CCB8F7418E28084002C1AC5 /* en */,
			);
			name = InfoPlist.strings;
			sourceTree = "<group>";
		};
		3CCB8F7C18E28084002C1AC5 /* Main.storyboard */ = {
			isa = PBXVariantGroup;
			children = (
				3CCB8F7D18E28084002C1AC5 /* Base */,
			);
			name = Main.storyboard;
			sourceTree = "<group>";
		};
		3CCB8F9218E28084002C1AC5 /* InfoPlist.strings */ = {
			isa = PBXVariantGroup;
			children = (
				3CCB8F9318E28084002C1AC5 /* en */,
			);
			name = InfoPlist.strings;
			sourceTree = "<group>";
		};
/* End PBXVariantGroup section */

/* Begin XCBuildConfiguration section */
		3CCB8F9718E28084002C1AC5 /* Debug */ = {
			isa = XCBuildConfiguration;
			buildSettings = {
				ALWAYS_SEARCH_USER_PATHS = NO;
				CLANG_CXX_LANGUAGE_STANDARD = "gnu++0x";
				CLANG_CXX_LIBRARY = "libc++";
				CLANG_ENABLE_MODULES = YES;
				CLANG_ENABLE_OBJC_ARC = YES;
				CLANG_WARN_BOOL_CONVERSION = YES;
				CLANG_WARN_CONSTANT_CONVERSION = YES;
				CLANG_WARN_DIRECT_OBJC_ISA_USAGE = YES_ERROR;
				CLANG_WARN_EMPTY_BODY = YES;
				CLANG_WARN_ENUM_CONVERSION = YES;
				CLANG_WARN_INT_CONVERSION = YES;
				CLANG_WARN_OBJC_ROOT_CLASS = YES_ERROR;
				CLANG_WARN__DUPLICATE_METHOD_MATCH = YES;
				"CODE_SIGN_IDENTITY[sdk=iphoneos*]" = "iPhone Developer";
				COPY_PHASE_STRIP = NO;
				ENABLE_TESTABILITY = YES;
				GCC_C_LANGUAGE_STANDARD = gnu99;
				GCC_DYNAMIC_NO_PIC = NO;
				GCC_OPTIMIZATION_LEVEL = 0;
				GCC_PREPROCESSOR_DEFINITIONS = (
					"DEBUG=1",
					"$(inherited)",
				);
				GCC_SYMBOLS_PRIVATE_EXTERN = NO;
				GCC_WARN_64_TO_32_BIT_CONVERSION = YES;
				GCC_WARN_ABOUT_RETURN_TYPE = YES_ERROR;
				GCC_WARN_UNDECLARED_SELECTOR = YES;
				GCC_WARN_UNINITIALIZED_AUTOS = YES_AGGRESSIVE;
				GCC_WARN_UNUSED_FUNCTION = YES;
				GCC_WARN_UNUSED_VARIABLE = YES;
				IPHONEOS_DEPLOYMENT_TARGET = 6.1;
				ONLY_ACTIVE_ARCH = YES;
				SDKROOT = iphoneos;
			};
			name = Debug;
		};
		3CCB8F9818E28084002C1AC5 /* Release */ = {
			isa = XCBuildConfiguration;
			buildSettings = {
				ALWAYS_SEARCH_USER_PATHS = NO;
				CLANG_CXX_LANGUAGE_STANDARD = "gnu++0x";
				CLANG_CXX_LIBRARY = "libc++";
				CLANG_ENABLE_MODULES = YES;
				CLANG_ENABLE_OBJC_ARC = YES;
				CLANG_WARN_BOOL_CONVERSION = YES;
				CLANG_WARN_CONSTANT_CONVERSION = YES;
				CLANG_WARN_DIRECT_OBJC_ISA_USAGE = YES_ERROR;
				CLANG_WARN_EMPTY_BODY = YES;
				CLANG_WARN_ENUM_CONVERSION = YES;
				CLANG_WARN_INT_CONVERSION = YES;
				CLANG_WARN_OBJC_ROOT_CLASS = YES_ERROR;
				CLANG_WARN__DUPLICATE_METHOD_MATCH = YES;
				"CODE_SIGN_IDENTITY[sdk=iphoneos*]" = "iPhone Developer";
				COPY_PHASE_STRIP = YES;
				ENABLE_NS_ASSERTIONS = NO;
				GCC_C_LANGUAGE_STANDARD = gnu99;
				GCC_WARN_64_TO_32_BIT_CONVERSION = YES;
				GCC_WARN_ABOUT_RETURN_TYPE = YES_ERROR;
				GCC_WARN_UNDECLARED_SELECTOR = YES;
				GCC_WARN_UNINITIALIZED_AUTOS = YES_AGGRESSIVE;
				GCC_WARN_UNUSED_FUNCTION = YES;
				GCC_WARN_UNUSED_VARIABLE = YES;
				IPHONEOS_DEPLOYMENT_TARGET = 6.1;
				SDKROOT = iphoneos;
				VALIDATE_PRODUCT = YES;
			};
			name = Release;
		};
		3CCB8F9A18E28084002C1AC5 /* Debug */ = {
			isa = XCBuildConfiguration;
			buildSettings = {
				ASSETCATALOG_COMPILER_APPICON_NAME = AppIcon;
				ASSETCATALOG_COMPILER_LAUNCHIMAGE_NAME = LaunchImage;
				CODE_SIGN_IDENTITY = "iPhone Developer";
				"CODE_SIGN_IDENTITY[sdk=iphoneos*]" = "iPhone Developer";
				GCC_PRECOMPILE_PREFIX_HEADER = YES;
				GCC_PREFIX_HEADER = "DarkBlue/DarkBlue-Prefix.pch";
				INFOPLIST_FILE = "DarkBlue/DarkBlue-Info.plist";
				IPHONEOS_DEPLOYMENT_TARGET = 9.2;
				PRODUCT_BUNDLE_IDENTIFIER = leonidye.DarkBlue;
				PRODUCT_NAME = "$(TARGET_NAME)";
				PROVISIONING_PROFILE = "";
				WRAPPER_EXTENSION = app;
			};
			name = Debug;
		};
		3CCB8F9B18E28084002C1AC5 /* Release */ = {
			isa = XCBuildConfiguration;
			buildSettings = {
				ASSETCATALOG_COMPILER_APPICON_NAME = AppIcon;
				ASSETCATALOG_COMPILER_LAUNCHIMAGE_NAME = LaunchImage;
				CODE_SIGN_IDENTITY = "iPhone Developer";
				"CODE_SIGN_IDENTITY[sdk=iphoneos*]" = "iPhone Developer";
				GCC_PRECOMPILE_PREFIX_HEADER = YES;
				GCC_PREFIX_HEADER = "DarkBlue/DarkBlue-Prefix.pch";
				INFOPLIST_FILE = "DarkBlue/DarkBlue-Info.plist";
				IPHONEOS_DEPLOYMENT_TARGET = 9.2;
				PRODUCT_BUNDLE_IDENTIFIER = leonidye.DarkBlue;
				PRODUCT_NAME = "$(TARGET_NAME)";
				PROVISIONING_PROFILE = "";
				WRAPPER_EXTENSION = app;
			};
			name = Release;
		};
		3CCB8F9D18E28084002C1AC5 /* Debug */ = {
			isa = XCBuildConfiguration;
			buildSettings = {
				BUNDLE_LOADER = "$(BUILT_PRODUCTS_DIR)/DarkBlue.app/DarkBlue";
				GCC_PRECOMPILE_PREFIX_HEADER = YES;
				GCC_PREFIX_HEADER = "DarkBlue/DarkBlue-Prefix.pch";
				GCC_PREPROCESSOR_DEFINITIONS = (
					"DEBUG=1",
					"$(inherited)",
				);
				INFOPLIST_FILE = "DarkBlueTests/DarkBlueTests-Info.plist";
				PRODUCT_BUNDLE_IDENTIFIER = "Chenee.${PRODUCT_NAME:rfc1034identifier}";
				PRODUCT_NAME = "$(TARGET_NAME)";
				TEST_HOST = "$(BUNDLE_LOADER)";
				WRAPPER_EXTENSION = xctest;
			};
			name = Debug;
		};
		3CCB8F9E18E28084002C1AC5 /* Release */ = {
			isa = XCBuildConfiguration;
			buildSettings = {
				BUNDLE_LOADER = "$(BUILT_PRODUCTS_DIR)/DarkBlue.app/DarkBlue";
				GCC_PRECOMPILE_PREFIX_HEADER = YES;
				GCC_PREFIX_HEADER = "DarkBlue/DarkBlue-Prefix.pch";
				INFOPLIST_FILE = "DarkBlueTests/DarkBlueTests-Info.plist";
				PRODUCT_BUNDLE_IDENTIFIER = "Chenee.${PRODUCT_NAME:rfc1034identifier}";
				PRODUCT_NAME = "$(TARGET_NAME)";
				TEST_HOST = "$(BUNDLE_LOADER)";
				WRAPPER_EXTENSION = xctest;
			};
			name = Release;
		};
/* End XCBuildConfiguration section */

/* Begin XCConfigurationList section */
		3CCB8F6218E28084002C1AC5 /* Build configuration list for PBXProject "DarkBlue" */ = {
			isa = XCConfigurationList;
			buildConfigurations = (
				3CCB8F9718E28084002C1AC5 /* Debug */,
				3CCB8F9818E28084002C1AC5 /* Release */,
			);
			defaultConfigurationIsVisible = 0;
			defaultConfigurationName = Release;
		};
		3CCB8F9918E28084002C1AC5 /* Build configuration list for PBXNativeTarget "DarkBlue" */ = {
			isa = XCConfigurationList;
			buildConfigurations = (
				3CCB8F9A18E28084002C1AC5 /* Debug */,
				3CCB8F9B18E28084002C1AC5 /* Release */,
			);
			defaultConfigurationIsVisible = 0;
			defaultConfigurationName = Release;
		};
		3CCB8F9C18E28084002C1AC5 /* Build configuration list for PBXNativeTarget "DarkBlueTests" */ = {
			isa = XCConfigurationList;
			buildConfigurations = (
				3CCB8F9D18E28084002C1AC5 /* Debug */,
				3CCB8F9E18E28084002C1AC5 /* Release */,
			);
			defaultConfigurationIsVisible = 0;
			defaultConfigurationName = Release;
		};
/* End XCConfigurationList section */
	};
	rootObject = 3CCB8F5F18E28084002C1AC5 /* Project object */;
}
